# Debian 13 / CPython 3.13 / Linux x86_64, binary wheels only.
attrs==26.1.0 --hash=sha256:c647aa4a12dfbad9333ca4e71fe62ddc36f4e63b2d260a37a8b83d2f043ac309
graphql_core==3.2.6 --hash=sha256:78b016718c161a6fb20a7d97bbf107f331cd1afe53e45566c59f776ed7f0b45f
jsonschema==4.23.0 --hash=sha256:fbadb6f8b144a8f8cf9f0b89ba94501d143e50411a1278633f56a7acf7fd5566
jsonschema_specifications==2025.9.1 --hash=sha256:98802fee3a11ee76ecaca44429fda8a41bff98b00a0f2838151b113f210cc6fe
referencing==0.37.0 --hash=sha256:381329a9f99628c9069361716891d34ad94af76e461dcb0335825aecc7692231
rpds_py==2026.6.3 --hash=sha256:acac386b453c2516111b50985d60ce46e7fadb5ea71ae7b25f4c946935bf27cf
